
Microsoft Visual Studio Solution File, Format Version 12.00
# Visual Studio Version 17
VisualStudioVersion = 17.10.34916.146
MinimumVisualStudioVersion = 10.0.40219.1
Project("{FAE04EC0-301F-11D3-BF4B-00C04F79EFBC}") = "Sistema_De_Hospedagem_De_Hotel", "Sistema_De_Hospedagem_De_Hotel.csproj", "{C5B84CAC-3DA3-4185-A472-3D8F5847378F}"
EndProject
Global
	GlobalSection(SolutionConfigurationPlatforms) = preSolution
		Debug|Any CPU = Debug|Any CPU
		Release|Any CPU = Release|Any CPU
	EndGlobalSection
	GlobalSection(ProjectConfigurationPlatforms) = postSolution
		{C5B84CAC-3DA3-4185-A472-3D8F5847378F}.Debug|Any CPU.ActiveCfg = Debug|Any CPU
		{C5B84CAC-3DA3-4185-A472-3D8F5847378F}.Debug|Any CPU.Build.0 = Debug|Any CPU
		{C5B84CAC-3DA3-4185-A472-3D8F5847378F}.Release|Any CPU.ActiveCfg = Release|Any CPU
		{C5B84CAC-3DA3-4185-A472-3D8F5847378F}.Release|Any CPU.Build.0 = Release|Any CPU
	EndGlobalSection
	GlobalSection(SolutionProperties) = preSolution
		HideSolutionNode = FALSE
	EndGlobalSection
	GlobalSection(ExtensibilityGlobals) = postSolution
		SolutionGuid = {421B0C04-FFE6-4C8D-8FB8-C1EB4E37EAC5}
	EndGlobalSection
EndGlobal
